// !$*UTF8*$!
{
	archiveVersion = 1;
	classes = {
	};
	objectVersion = 51;
	objects = {

/* Begin PBXBuildFile section */
		2F01F0A12371F780006F313B /* Plugins.swift in Sources */ = {isa = PBXBuildFile; fileRef = 2F01F0A02371F780006F313B /* Plugins.swift */; };
		2F01F0A32371FDB8006F313B /* YouTubeService.Methods+Mocks.swift in Sources */ = {isa = PBXBuildFile; fileRef = 2F01F0A22371FDB8006F313B /* YouTubeService.Methods+Mocks.swift */; };
		2F01F0A52371FE32006F313B /* Channel.swift in Sources */ = {isa = PBXBuildFile; fileRef = 2F01F0A42371FE32006F313B /* Channel.swift */; };
		2F01F0A923720038006F313B /* YouTubeRequestBuilder.swift in Sources */ = {isa = PBXBuildFile; fileRef = 2F01F0A823720038006F313B /* YouTubeRequestBuilder.swift */; };
		2F01F0AB23720334006F313B /* YouTubeService+Response.swift in Sources */ = {isa = PBXBuildFile; fileRef = 2F01F0AA23720334006F313B /* YouTubeService+Response.swift */; };
		2F420544237167170033C31D /* AppDelegate.swift in Sources */ = {isa = PBXBuildFile; fileRef = 2F420543237167170033C31D /* AppDelegate.swift */; };
		2F42054A237167180033C31D /* Assets.xcassets in Resources */ = {isa = PBXBuildFile; fileRef = 2F420549237167180033C31D /* Assets.xcassets */; };
		2F420550237167180033C31D /* LaunchScreen.storyboard in Resources */ = {isa = PBXBuildFile; fileRef = 2F42054E237167180033C31D /* LaunchScreen.storyboard */; };
		2F4205612371692D0033C31D /* App.swift in Sources */ = {isa = PBXBuildFile; fileRef = 2F4205602371692D0033C31D /* App.swift */; };
		2F420563237169350033C31D /* AppFactory.swift in Sources */ = {isa = PBXBuildFile; fileRef = 2F420562237169350033C31D /* AppFactory.swift */; };
		2F42056A23716A080033C31D /* SelfContaner.swift in Sources */ = {isa = PBXBuildFile; fileRef = 2F42056923716A080033C31D /* SelfContaner.swift */; };
		2F42056C23716A200033C31D /* AssociatedStore.swift in Sources */ = {isa = PBXBuildFile; fileRef = 2F42056B23716A200033C31D /* AssociatedStore.swift */; };
		2F42056E23716ABE0033C31D /* ModuleType.swift in Sources */ = {isa = PBXBuildFile; fileRef = 2F42056D23716ABE0033C31D /* ModuleType.swift */; };
		2FAFD612237196A500AA364E /* UITableView+Reusable.swift in Sources */ = {isa = PBXBuildFile; fileRef = 2FAFD611237196A500AA364E /* UITableView+Reusable.swift */; };
		2FAFD6152371985200AA364E /* VideoSection.swift in Sources */ = {isa = PBXBuildFile; fileRef = 2FAFD6142371985200AA364E /* VideoSection.swift */; };
		2FAFD6182371987D00AA364E /* Video.swift in Sources */ = {isa = PBXBuildFile; fileRef = 2FAFD6172371987D00AA364E /* Video.swift */; };
		2FAFD61B23719A4C00AA364E /* SceneView+.swift in Sources */ = {isa = PBXBuildFile; fileRef = 2FAFD61A23719A4C00AA364E /* SceneView+.swift */; };
		2FBFFD1F23719E4F004D8C31 /* YouTubeService.swift in Sources */ = {isa = PBXBuildFile; fileRef = 2FBFFD1E23719E4F004D8C31 /* YouTubeService.swift */; };
		2FBFFD2323719EE1004D8C31 /* APIService.swift in Sources */ = {isa = PBXBuildFile; fileRef = 2FBFFD2223719EE1004D8C31 /* APIService.swift */; };
		2FBFFD2523719F19004D8C31 /* APIServiceType.swift in Sources */ = {isa = PBXBuildFile; fileRef = 2FBFFD2423719F19004D8C31 /* APIServiceType.swift */; };
		2FBFFD2723719F1E004D8C31 /* APIServiceType+.swift in Sources */ = {isa = PBXBuildFile; fileRef = 2FBFFD2623719F1E004D8C31 /* APIServiceType+.swift */; };
		2FBFFD2923719F46004D8C31 /* MockSampleData.swift in Sources */ = {isa = PBXBuildFile; fileRef = 2FBFFD2823719F46004D8C31 /* MockSampleData.swift */; };
		2FBFFD2B23719F61004D8C31 /* APIServiceMethod.swift in Sources */ = {isa = PBXBuildFile; fileRef = 2FBFFD2A23719F61004D8C31 /* APIServiceMethod.swift */; };
		2FBFFD2D23719F90004D8C31 /* APICoreAliases.swift in Sources */ = {isa = PBXBuildFile; fileRef = 2FBFFD2C23719F90004D8C31 /* APICoreAliases.swift */; };
		2FBFFD2F23719FC6004D8C31 /* APIServiceConfiguratorType.swift in Sources */ = {isa = PBXBuildFile; fileRef = 2FBFFD2E23719FC6004D8C31 /* APIServiceConfiguratorType.swift */; };
		2FBFFD322371A01C004D8C31 /* AuthStrategy.swift in Sources */ = {isa = PBXBuildFile; fileRef = 2FBFFD312371A01C004D8C31 /* AuthStrategy.swift */; };
		2FBFFD342371A02F004D8C31 /* AuthTokenProvider.swift in Sources */ = {isa = PBXBuildFile; fileRef = 2FBFFD332371A02F004D8C31 /* AuthTokenProvider.swift */; };
		2FBFFD362371A08C004D8C31 /* MethodParams.swift in Sources */ = {isa = PBXBuildFile; fileRef = 2FBFFD352371A08C004D8C31 /* MethodParams.swift */; };
		2FBFFD382371A0AB004D8C31 /* ConfiguratorContainer.swift in Sources */ = {isa = PBXBuildFile; fileRef = 2FBFFD372371A0AB004D8C31 /* ConfiguratorContainer.swift */; };
		2FBFFD3A2371A115004D8C31 /* BinaryData.swift in Sources */ = {isa = PBXBuildFile; fileRef = 2FBFFD392371A115004D8C31 /* BinaryData.swift */; };
		2FBFFD3C2371A15B004D8C31 /* RequestBuilder.swift in Sources */ = {isa = PBXBuildFile; fileRef = 2FBFFD3B2371A15B004D8C31 /* RequestBuilder.swift */; };
		2FBFFD3F2371A1F8004D8C31 /* JSONDecoder+.swift in Sources */ = {isa = PBXBuildFile; fileRef = 2FBFFD3E2371A1F8004D8C31 /* JSONDecoder+.swift */; };
		2FBFFD412371A298004D8C31 /* YouTubeConfigurator.swift in Sources */ = {isa = PBXBuildFile; fileRef = 2FBFFD402371A298004D8C31 /* YouTubeConfigurator.swift */; };
		2FCE60D82371936800DAD27C /* VideoCell.swift in Sources */ = {isa = PBXBuildFile; fileRef = 2FCE60D72371936800DAD27C /* VideoCell.swift */; };
		2FD6ACF72371707800C8C10F /* ModuleCoreAliases.swift in Sources */ = {isa = PBXBuildFile; fileRef = 2FD6ACF62371707800C8C10F /* ModuleCoreAliases.swift */; };
		2FD6ACF92371709E00C8C10F /* Coordinatable.swift in Sources */ = {isa = PBXBuildFile; fileRef = 2FD6ACF82371709E00C8C10F /* Coordinatable.swift */; };
		2FD6ACFB237170B300C8C10F /* Interactable.swift in Sources */ = {isa = PBXBuildFile; fileRef = 2FD6ACFA237170B300C8C10F /* Interactable.swift */; };
		2FD6ACFD2371771A00C8C10F /* ListVC.swift in Sources */ = {isa = PBXBuildFile; fileRef = 2FD6ACFC2371771A00C8C10F /* ListVC.swift */; };
		2FD6ACFF2371772000C8C10F /* ListReactor.swift in Sources */ = {isa = PBXBuildFile; fileRef = 2FD6ACFE2371772000C8C10F /* ListReactor.swift */; };
		2FD6AD012371772800C8C10F /* ListInteractor.swift in Sources */ = {isa = PBXBuildFile; fileRef = 2FD6AD002371772800C8C10F /* ListInteractor.swift */; };
		2FD6AD032371773000C8C10F /* ListCoordinator.swift in Sources */ = {isa = PBXBuildFile; fileRef = 2FD6AD022371773000C8C10F /* ListCoordinator.swift */; };
		2FD6AD062371779900C8C10F /* BaseReactor.swift in Sources */ = {isa = PBXBuildFile; fileRef = 2FD6AD052371779900C8C10F /* BaseReactor.swift */; };
		2FD6AD08237177C500C8C10F /* BaseCoordinator.swift in Sources */ = {isa = PBXBuildFile; fileRef = 2FD6AD07237177C500C8C10F /* BaseCoordinator.swift */; };
		2FD6AD0A237177EA00C8C10F /* CoordinatorType.swift in Sources */ = {isa = PBXBuildFile; fileRef = 2FD6AD09237177EA00C8C10F /* CoordinatorType.swift */; };
		2FD6AD0C2371780100C8C10F /* DisposeBagHolder.swift in Sources */ = {isa = PBXBuildFile; fileRef = 2FD6AD0B2371780100C8C10F /* DisposeBagHolder.swift */; };
		2FD6AD0E2371784800C8C10F /* UINavigationController+.swift in Sources */ = {isa = PBXBuildFile; fileRef = 2FD6AD0D2371784800C8C10F /* UINavigationController+.swift */; };
		2FD6AD112371789B00C8C10F /* Reactor+.swift in Sources */ = {isa = PBXBuildFile; fileRef = 2FD6AD102371789B00C8C10F /* Reactor+.swift */; };
		2FD6AD14237178DE00C8C10F /* ObservableType+.swift in Sources */ = {isa = PBXBuildFile; fileRef = 2FD6AD13237178DE00C8C10F /* ObservableType+.swift */; };
		2FD6AD16237178FB00C8C10F /* OptionalType.swift in Sources */ = {isa = PBXBuildFile; fileRef = 2FD6AD15237178FB00C8C10F /* OptionalType.swift */; };
		2FD6AD1823717BAE00C8C10F /* BaseVC.swift in Sources */ = {isa = PBXBuildFile; fileRef = 2FD6AD1723717BAE00C8C10F /* BaseVC.swift */; };
		2FD6AD1A23717CD400C8C10F /* ColorPallete.swift in Sources */ = {isa = PBXBuildFile; fileRef = 2FD6AD1923717CD400C8C10F /* ColorPallete.swift */; };
		2FD6AD1D23717DEE00C8C10F /* UIColor+.swift in Sources */ = {isa = PBXBuildFile; fileRef = 2FD6AD1C23717DEE00C8C10F /* UIColor+.swift */; };
		8E98D8A7E752C2CBCF4E1890 /* Pods_DemoYouTube.framework in Frameworks */ = {isa = PBXBuildFile; fileRef = F99C954268FE1F6B56847139 /* Pods_DemoYouTube.framework */; };
/* End PBXBuildFile section */

/* Begin PBXFileReference section */
		2EC0E5AE507C69A1DE302EAB /* Pods-DemoYouTube.release.xcconfig */ = {isa = PBXFileReference; includeInIndex = 1; lastKnownFileType = text.xcconfig; name = "Pods-DemoYouTube.release.xcconfig"; path = "Target Support Files/Pods-DemoYouTube/Pods-DemoYouTube.release.xcconfig"; sourceTree = "<group>"; };
		2F01F0A02371F780006F313B /* Plugins.swift */ = {isa = PBXFileReference; lastKnownFileType = sourcecode.swift; path = Plugins.swift; sourceTree = "<group>"; };
		2F01F0A22371FDB8006F313B /* YouTubeService.Methods+Mocks.swift */ = {isa = PBXFileReference; lastKnownFileType = sourcecode.swift; path = "YouTubeService.Methods+Mocks.swift"; sourceTree = "<group>"; };
		2F01F0A42371FE32006F313B /* Channel.swift */ = {isa = PBXFileReference; lastKnownFileType = sourcecode.swift; path = Channel.swift; sourceTree = "<group>"; };
		2F01F0A823720038006F313B /* YouTubeRequestBuilder.swift */ = {isa = PBXFileReference; lastKnownFileType = sourcecode.swift; path = YouTubeRequestBuilder.swift; sourceTree = "<group>"; };
		2F01F0AA23720334006F313B /* YouTubeService+Response.swift */ = {isa = PBXFileReference; lastKnownFileType = sourcecode.swift; path = "YouTubeService+Response.swift"; sourceTree = "<group>"; };
		2F420540237167170033C31D /* DemoYouTube.app */ = {isa = PBXFileReference; explicitFileType = wrapper.application; includeInIndex = 0; path = DemoYouTube.app; sourceTree = BUILT_PRODUCTS_DIR; };
		2F420543237167170033C31D /* AppDelegate.swift */ = {isa = PBXFileReference; lastKnownFileType = sourcecode.swift; path = AppDelegate.swift; sourceTree = "<group>"; };
		2F420549237167180033C31D /* Assets.xcassets */ = {isa = PBXFileReference; lastKnownFileType = folder.assetcatalog; path = Assets.xcassets; sourceTree = "<group>"; };
		2F42054F237167180033C31D /* Base */ = {isa = PBXFileReference; lastKnownFileType = file.storyboard; name = Base; path = Base.lproj/LaunchScreen.storyboard; sourceTree = "<group>"; };
		2F420551237167180033C31D /* Info.plist */ = {isa = PBXFileReference; lastKnownFileType = text.plist.xml; path = Info.plist; sourceTree = "<group>"; };
		2F4205602371692D0033C31D /* App.swift */ = {isa = PBXFileReference; lastKnownFileType = sourcecode.swift; path = App.swift; sourceTree = "<group>"; };
		2F420562237169350033C31D /* AppFactory.swift */ = {isa = PBXFileReference; lastKnownFileType = sourcecode.swift; path = AppFactory.swift; sourceTree = "<group>"; };
		2F42056923716A080033C31D /* SelfContaner.swift */ = {isa = PBXFileReference; lastKnownFileType = sourcecode.swift; path = SelfContaner.swift; sourceTree = "<group>"; };
		2F42056B23716A200033C31D /* AssociatedStore.swift */ = {isa = PBXFileReference; lastKnownFileType = sourcecode.swift; path = AssociatedStore.swift; sourceTree = "<group>"; };
		2F42056D23716ABE0033C31D /* ModuleType.swift */ = {isa = PBXFileReference; lastKnownFileType = sourcecode.swift; path = ModuleType.swift; sourceTree = "<group>"; };
		2FAFD611237196A500AA364E /* UITableView+Reusable.swift */ = {isa = PBXFileReference; lastKnownFileType = sourcecode.swift; path = "UITableView+Reusable.swift"; sourceTree = "<group>"; };
		2FAFD6142371985200AA364E /* VideoSection.swift */ = {isa = PBXFileReference; lastKnownFileType = sourcecode.swift; path = VideoSection.swift; sourceTree = "<group>"; };
		2FAFD6172371987D00AA364E /* Video.swift */ = {isa = PBXFileReference; lastKnownFileType = sourcecode.swift; path = Video.swift; sourceTree = "<group>"; };
		2FAFD61A23719A4C00AA364E /* SceneView+.swift */ = {isa = PBXFileReference; lastKnownFileType = sourcecode.swift; path = "SceneView+.swift"; sourceTree = "<group>"; };
		2FBFFD1E23719E4F004D8C31 /* YouTubeService.swift */ = {isa = PBXFileReference; lastKnownFileType = sourcecode.swift; path = YouTubeService.swift; sourceTree = "<group>"; };
		2FBFFD2223719EE1004D8C31 /* APIService.swift */ = {isa = PBXFileReference; lastKnownFileType = sourcecode.swift; path = APIService.swift; sourceTree = "<group>"; };
		2FBFFD2423719F19004D8C31 /* APIServiceType.swift */ = {isa = PBXFileReference; lastKnownFileType = sourcecode.swift; path = APIServiceType.swift; sourceTree = "<group>"; };
		2FBFFD2623719F1E004D8C31 /* APIServiceType+.swift */ = {isa = PBXFileReference; lastKnownFileType = sourcecode.swift; path = "APIServiceType+.swift"; sourceTree = "<group>"; };
		2FBFFD2823719F46004D8C31 /* MockSampleData.swift */ = {isa = PBXFileReference; lastKnownFileType = sourcecode.swift; path = MockSampleData.swift; sourceTree = "<group>"; };
		2FBFFD2A23719F61004D8C31 /* APIServiceMethod.swift */ = {isa = PBXFileReference; lastKnownFileType = sourcecode.swift; path = APIServiceMethod.swift; sourceTree = "<group>"; };
		2FBFFD2C23719F90004D8C31 /* APICoreAliases.swift */ = {isa = PBXFileReference; lastKnownFileType = sourcecode.swift; path = APICoreAliases.swift; sourceTree = "<group>"; };
		2FBFFD2E23719FC6004D8C31 /* APIServiceConfiguratorType.swift */ = {isa = PBXFileReference; lastKnownFileType = sourcecode.swift; path = APIServiceConfiguratorType.swift; sourceTree = "<group>"; };
		2FBFFD312371A01C004D8C31 /* AuthStrategy.swift */ = {isa = PBXFileReference; lastKnownFileType = sourcecode.swift; path = AuthStrategy.swift; sourceTree = "<group>"; };
		2FBFFD332371A02F004D8C31 /* AuthTokenProvider.swift */ = {isa = PBXFileReference; lastKnownFileType = sourcecode.swift; path = AuthTokenProvider.swift; sourceTree = "<group>"; };
		2FBFFD352371A08C004D8C31 /* MethodParams.swift */ = {isa = PBXFileReference; lastKnownFileType = sourcecode.swift; path = MethodParams.swift; sourceTree = "<group>"; };
		2FBFFD372371A0AB004D8C31 /* ConfiguratorContainer.swift */ = {isa = PBXFileReference; lastKnownFileType = sourcecode.swift; path = ConfiguratorContainer.swift; sourceTree = "<group>"; };
		2FBFFD392371A115004D8C31 /* BinaryData.swift */ = {isa = PBXFileReference; lastKnownFileType = sourcecode.swift; path = BinaryData.swift; sourceTree = "<group>"; };
		2FBFFD3B2371A15B004D8C31 /* RequestBuilder.swift */ = {isa = PBXFileReference; lastKnownFileType = sourcecode.swift; path = RequestBuilder.swift; sourceTree = "<group>"; };
		2FBFFD3E2371A1F8004D8C31 /* JSONDecoder+.swift */ = {isa = PBXFileReference; lastKnownFileType = sourcecode.swift; path = "JSONDecoder+.swift"; sourceTree = "<group>"; };
		2FBFFD402371A298004D8C31 /* YouTubeConfigurator.swift */ = {isa = PBXFileReference; lastKnownFileType = sourcecode.swift; path = YouTubeConfigurator.swift; sourceTree = "<group>"; };
		2FCE60D72371936800DAD27C /* VideoCell.swift */ = {isa = PBXFileReference; lastKnownFileType = sourcecode.swift; path = VideoCell.swift; sourceTree = "<group>"; };
		2FD6ACF62371707800C8C10F /* ModuleCoreAliases.swift */ = {isa = PBXFileReference; lastKnownFileType = sourcecode.swift; path = ModuleCoreAliases.swift; sourceTree = "<group>"; };
		2FD6ACF82371709E00C8C10F /* Coordinatable.swift */ = {isa = PBXFileReference; lastKnownFileType = sourcecode.swift; path = Coordinatable.swift; sourceTree = "<group>"; };
		2FD6ACFA237170B300C8C10F /* Interactable.swift */ = {isa = PBXFileReference; lastKnownFileType = sourcecode.swift; path = Interactable.swift; sourceTree = "<group>"; };
		2FD6ACFC2371771A00C8C10F /* ListVC.swift */ = {isa = PBXFileReference; lastKnownFileType = sourcecode.swift; path = ListVC.swift; sourceTree = "<group>"; };
		2FD6ACFE2371772000C8C10F /* ListReactor.swift */ = {isa = PBXFileReference; lastKnownFileType = sourcecode.swift; path = ListReactor.swift; sourceTree = "<group>"; };
		2FD6AD002371772800C8C10F /* ListInteractor.swift */ = {isa = PBXFileReference; lastKnownFileType = sourcecode.swift; path = ListInteractor.swift; sourceTree = "<group>"; };
		2FD6AD022371773000C8C10F /* ListCoordinator.swift */ = {isa = PBXFileReference; lastKnownFileType = sourcecode.swift; path = ListCoordinator.swift; sourceTree = "<group>"; };
		2FD6AD052371779900C8C10F /* BaseReactor.swift */ = {isa = PBXFileReference; lastKnownFileType = sourcecode.swift; path = BaseReactor.swift; sourceTree = "<group>"; };
		2FD6AD07237177C500C8C10F /* BaseCoordinator.swift */ = {isa = PBXFileReference; lastKnownFileType = sourcecode.swift; path = BaseCoordinator.swift; sourceTree = "<group>"; };
		2FD6AD09237177EA00C8C10F /* CoordinatorType.swift */ = {isa = PBXFileReference; lastKnownFileType = sourcecode.swift; path = CoordinatorType.swift; sourceTree = "<group>"; };
		2FD6AD0B2371780100C8C10F /* DisposeBagHolder.swift */ = {isa = PBXFileReference; lastKnownFileType = sourcecode.swift; path = DisposeBagHolder.swift; sourceTree = "<group>"; };
		2FD6AD0D2371784800C8C10F /* UINavigationController+.swift */ = {isa = PBXFileReference; lastKnownFileType = sourcecode.swift; path = "UINavigationController+.swift"; sourceTree = "<group>"; };
		2FD6AD102371789B00C8C10F /* Reactor+.swift */ = {isa = PBXFileReference; lastKnownFileType = sourcecode.swift; path = "Reactor+.swift"; sourceTree = "<group>"; };
		2FD6AD13237178DE00C8C10F /* ObservableType+.swift */ = {isa = PBXFileReference; lastKnownFileType = sourcecode.swift; path = "ObservableType+.swift"; sourceTree = "<group>"; };
		2FD6AD15237178FB00C8C10F /* OptionalType.swift */ = {isa = PBXFileReference; lastKnownFileType = sourcecode.swift; path = OptionalType.swift; sourceTree = "<group>"; };
		2FD6AD1723717BAE00C8C10F /* BaseVC.swift */ = {isa = PBXFileReference; lastKnownFileType = sourcecode.swift; path = BaseVC.swift; sourceTree = "<group>"; };
		2FD6AD1923717CD400C8C10F /* ColorPallete.swift */ = {isa = PBXFileReference; lastKnownFileType = sourcecode.swift; path = ColorPallete.swift; sourceTree = "<group>"; };
		2FD6AD1C23717DEE00C8C10F /* UIColor+.swift */ = {isa = PBXFileReference; lastKnownFileType = sourcecode.swift; path = "UIColor+.swift"; sourceTree = "<group>"; };
		D1BA8AFC36DDB9E9CBA2AFA2 /* Pods-DemoYouTube.debug.xcconfig */ = {isa = PBXFileReference; includeInIndex = 1; lastKnownFileType = text.xcconfig; name = "Pods-DemoYouTube.debug.xcconfig"; path = "Target Support Files/Pods-DemoYouTube/Pods-DemoYouTube.debug.xcconfig"; sourceTree = "<group>"; };
		F99C954268FE1F6B56847139 /* Pods_DemoYouTube.framework */ = {isa = PBXFileReference; explicitFileType = wrapper.framework; includeInIndex = 0; path = Pods_DemoYouTube.framework; sourceTree = BUILT_PRODUCTS_DIR; };
/* End PBXFileReference section */

/* Begin PBXFrameworksBuildPhase section */
		2F42053D237167170033C31D /* Frameworks */ = {
			isa = PBXFrameworksBuildPhase;
			buildActionMask = 2147483647;
			files = (
				8E98D8A7E752C2CBCF4E1890 /* Pods_DemoYouTube.framework in Frameworks */,
			);
			runOnlyForDeploymentPostprocessing = 0;
		};
/* End PBXFrameworksBuildPhase section */

/* Begin PBXGroup section */
		2F01F0A623720014006F313B /* YouTubeService */ = {
			isa = PBXGroup;
			children = (
				2FBFFD402371A298004D8C31 /* YouTubeConfigurator.swift */,
				2FBFFD1E23719E4F004D8C31 /* YouTubeService.swift */,
				2F01F0A22371FDB8006F313B /* YouTubeService.Methods+Mocks.swift */,
				2F01F0AA23720334006F313B /* YouTubeService+Response.swift */,
			);
			path = YouTubeService;
			sourceTree = "<group>";
		};
		2F420537237167170033C31D = {
			isa = PBXGroup;
			children = (
				2F420542237167170033C31D /* DemoYouTube */,
				2F420541237167170033C31D /* Products */,
				C705643B33D080203B1253B2 /* Pods */,
				A80FDBB55F3F034861EEA25C /* Frameworks */,
			);
			sourceTree = "<group>";
		};
		2F420541237167170033C31D /* Products */ = {
			isa = PBXGroup;
			children = (
				2F420540237167170033C31D /* DemoYouTube.app */,
			);
			name = Products;
			sourceTree = "<group>";
		};
		2F420542237167170033C31D /* DemoYouTube */ = {
			isa = PBXGroup;
			children = (
				2FD6AD1B23717DE700C8C10F /* Extensions */,
				2F420564237169990033C31D /* Frameworks */,
				2F42055E237169040033C31D /* Resources */,
				2FBFFD1D23719E37004D8C31 /* API */,
				2FAFD6162371987200AA364E /* Models */,
				2F42055D237168F20033C31D /* Scenes */,
				2F42055F237169180033C31D /* App */,
				2F420543237167170033C31D /* AppDelegate.swift */,
				2F420551237167180033C31D /* Info.plist */,
			);
			path = DemoYouTube;
			sourceTree = "<group>";
		};
		2F42055D237168F20033C31D /* Scenes */ = {
			isa = PBXGroup;
			children = (
				2FD6ACF52371702100C8C10F /* List */,
			);
			path = Scenes;
			sourceTree = "<group>";
		};
		2F42055E237169040033C31D /* Resources */ = {
			isa = PBXGroup;
			children = (
				2F420549237167180033C31D /* Assets.xcassets */,
				2F42054E237167180033C31D /* LaunchScreen.storyboard */,
				2FD6AD1923717CD400C8C10F /* ColorPallete.swift */,
			);
			path = Resources;
			sourceTree = "<group>";
		};
		2F42055F237169180033C31D /* App */ = {
			isa = PBXGroup;
			children = (
				2F4205602371692D0033C31D /* App.swift */,
				2F420562237169350033C31D /* AppFactory.swift */,
			);
			path = App;
			sourceTree = "<group>";
		};
		2F420564237169990033C31D /* Frameworks */ = {
			isa = PBXGroup;
			children = (
				2FBFFD2023719EB5004D8C31 /* APICore */,
				2F420567237169AE0033C31D /* ModuleCore */,
			);
			path = Frameworks;
			sourceTree = "<group>";
		};
		2F420567237169AE0033C31D /* ModuleCore */ = {
			isa = PBXGroup;
			children = (
				2FD6ACF62371707800C8C10F /* ModuleCoreAliases.swift */,
				2FD6AD0D2371784800C8C10F /* UINavigationController+.swift */,
				2FD6AD042371778800C8C10F /* Base */,
				2F420568237169F20033C31D /* Protocols */,
				2FD6AD0F2371789000C8C10F /* Reactor+ */,
				2FD6AD12237178CE00C8C10F /* Rx+ */,
				2FAFD61923719A4100AA364E /* SceneView+ */,
			);
			path = ModuleCore;
			sourceTree = "<group>";
		};
		2F420568237169F20033C31D /* Protocols */ = {
			isa = PBXGroup;
			children = (
				2F42056B23716A200033C31D /* AssociatedStore.swift */,
				2F42056923716A080033C31D /* SelfContaner.swift */,
				2F42056D23716ABE0033C31D /* ModuleType.swift */,
				2FD6ACF82371709E00C8C10F /* Coordinatable.swift */,
				2FD6ACFA237170B300C8C10F /* Interactable.swift */,
				2FD6AD09237177EA00C8C10F /* CoordinatorType.swift */,
				2FD6AD15237178FB00C8C10F /* OptionalType.swift */,
				2FD6AD0B2371780100C8C10F /* DisposeBagHolder.swift */,
			);
			path = Protocols;
			sourceTree = "<group>";
		};
		2FAFD6132371984600AA364E /* Models */ = {
			isa = PBXGroup;
			children = (
				2FAFD6142371985200AA364E /* VideoSection.swift */,
			);
			path = Models;
			sourceTree = "<group>";
		};
		2FAFD6162371987200AA364E /* Models */ = {
			isa = PBXGroup;
			children = (
				2FAFD6172371987D00AA364E /* Video.swift */,
				2F01F0A42371FE32006F313B /* Channel.swift */,
			);
			path = Models;
			sourceTree = "<group>";
		};
		2FAFD61923719A4100AA364E /* SceneView+ */ = {
			isa = PBXGroup;
			children = (
				2FAFD61A23719A4C00AA364E /* SceneView+.swift */,
			);
			path = "SceneView+";
			sourceTree = "<group>";
		};
		2FBFFD1D23719E37004D8C31 /* API */ = {
			isa = PBXGroup;
			children = (
				2F01F0A823720038006F313B /* YouTubeRequestBuilder.swift */,
				2F01F0A623720014006F313B /* YouTubeService */,
			);
			path = API;
			sourceTree = "<group>";
		};
		2FBFFD2023719EB5004D8C31 /* APICore */ = {
			isa = PBXGroup;
			children = (
				2FBFFD2C23719F90004D8C31 /* APICoreAliases.swift */,
				2FBFFD372371A0AB004D8C31 /* ConfiguratorContainer.swift */,
				2FBFFD392371A115004D8C31 /* BinaryData.swift */,
				2FBFFD352371A08C004D8C31 /* MethodParams.swift */,
				2FBFFD2823719F46004D8C31 /* MockSampleData.swift */,
				2F01F0A02371F780006F313B /* Plugins.swift */,
				2FBFFD3B2371A15B004D8C31 /* RequestBuilder.swift */,
				2FBFFD302371A011004D8C31 /* Auth */,
				2FBFFD2123719ED7004D8C31 /* Service */,
				2FBFFD3D2371A1F1004D8C31 /* Tools */,
			);
			path = APICore;
			sourceTree = "<group>";
		};
		2FBFFD2123719ED7004D8C31 /* Service */ = {
			isa = PBXGroup;
			children = (
				2FBFFD2223719EE1004D8C31 /* APIService.swift */,
				2FBFFD2423719F19004D8C31 /* APIServiceType.swift */,
				2FBFFD2623719F1E004D8C31 /* APIServiceType+.swift */,
				2FBFFD2A23719F61004D8C31 /* APIServiceMethod.swift */,
				2FBFFD2E23719FC6004D8C31 /* APIServiceConfiguratorType.swift */,
			);
			path = Service;
			sourceTree = "<group>";
		};
		2FBFFD302371A011004D8C31 /* Auth */ = {
			isa = PBXGroup;
			children = (
				2FBFFD312371A01C004D8C31 /* AuthStrategy.swift */,
				2FBFFD332371A02F004D8C31 /* AuthTokenProvider.swift */,
			);
			path = Auth;
			sourceTree = "<group>";
		};
		2FBFFD3D2371A1F1004D8C31 /* Tools */ = {
			isa = PBXGroup;
			children = (
				2FBFFD3E2371A1F8004D8C31 /* JSONDecoder+.swift */,
			);
			path = Tools;
			sourceTree = "<group>";
		};
		2FCE60D6237192E300DAD27C /* Views */ = {
			isa = PBXGroup;
			children = (
				2FCE60D72371936800DAD27C /* VideoCell.swift */,
			);
			path = Views;
			sourceTree = "<group>";
		};
		2FD6ACF52371702100C8C10F /* List */ = {
			isa = PBXGroup;
			children = (
				2FCE60D6237192E300DAD27C /* Views */,
				2FAFD6132371984600AA364E /* Models */,
				2FD6ACFC2371771A00C8C10F /* ListVC.swift */,
				2FD6ACFE2371772000C8C10F /* ListReactor.swift */,
				2FD6AD002371772800C8C10F /* ListInteractor.swift */,
				2FD6AD022371773000C8C10F /* ListCoordinator.swift */,
			);
			path = List;
			sourceTree = "<group>";
		};
		2FD6AD042371778800C8C10F /* Base */ = {
			isa = PBXGroup;
			children = (
				2FD6AD1723717BAE00C8C10F /* BaseVC.swift */,
				2FD6AD052371779900C8C10F /* BaseReactor.swift */,
				2FD6AD07237177C500C8C10F /* BaseCoordinator.swift */,
			);
			path = Base;
			sourceTree = "<group>";
		};
		2FD6AD0F2371789000C8C10F /* Reactor+ */ = {
			isa = PBXGroup;
			children = (
				2FD6AD102371789B00C8C10F /* Reactor+.swift */,
			);
			path = "Reactor+";
			sourceTree = "<group>";
		};
		2FD6AD12237178CE00C8C10F /* Rx+ */ = {
			isa = PBXGroup;
			children = (
				2FD6AD13237178DE00C8C10F /* ObservableType+.swift */,
			);
			path = "Rx+";
			sourceTree = "<group>";
		};
		2FD6AD1B23717DE700C8C10F /* Extensions */ = {
			isa = PBXGroup;
			children = (
				2FD6AD1C23717DEE00C8C10F /* UIColor+.swift */,
				2FAFD611237196A500AA364E /* UITableView+Reusable.swift */,
			);
			path = Extensions;
			sourceTree = "<group>";
		};
		A80FDBB55F3F034861EEA25C /* Frameworks */ = {
			isa = PBXGroup;
			children = (
				F99C954268FE1F6B56847139 /* Pods_DemoYouTube.framework */,
			);
			name = Frameworks;
			sourceTree = "<group>";
		};
		C705643B33D080203B1253B2 /* Pods */ = {
			isa = PBXGroup;
			children = (
				D1BA8AFC36DDB9E9CBA2AFA2 /* Pods-DemoYouTube.debug.xcconfig */,
				2EC0E5AE507C69A1DE302EAB /* Pods-DemoYouTube.release.xcconfig */,
			);
			path = Pods;
			sourceTree = "<group>";
		};
/* End PBXGroup section */

/* Begin PBXNativeTarget section */
		2F42053F237167170033C31D /* DemoYouTube */ = {
			isa = PBXNativeTarget;
			buildConfigurationList = 2F420554237167180033C31D /* Build configuration list for PBXNativeTarget "DemoYouTube" */;
			buildPhases = (
				94D4D81B82B1FBA43C4EBE09 /* [CP] Check Pods Manifest.lock */,
				2F42053C237167170033C31D /* Sources */,
				2F42053D237167170033C31D /* Frameworks */,
				2F42053E237167170033C31D /* Resources */,
				3A7C85B9F380ACA1D8350F21 /* [CP] Embed Pods Frameworks */,
			);
			buildRules = (
			);
			dependencies = (
			);
			name = DemoYouTube;
			productName = DemoYouTube;
			productReference = 2F420540237167170033C31D /* DemoYouTube.app */;
			productType = "com.apple.product-type.application";
		};
/* End PBXNativeTarget section */

/* Begin PBXProject section */
		2F420538237167170033C31D /* Project object */ = {
			isa = PBXProject;
			attributes = {
				LastSwiftUpdateCheck = 1110;
				LastUpgradeCheck = 1110;
				ORGANIZATIONNAME = "Andrey Raevnev";
				TargetAttributes = {
					2F42053F237167170033C31D = {
						CreatedOnToolsVersion = 11.1;
					};
				};
			};
			buildConfigurationList = 2F42053B237167170033C31D /* Build configuration list for PBXProject "DemoYouTube" */;
			compatibilityVersion = "Xcode 9.3";
			developmentRegion = en;
			hasScannedForEncodings = 0;
			knownRegions = (
				en,
				Base,
			);
			mainGroup = 2F420537237167170033C31D;
			productRefGroup = 2F420541237167170033C31D /* Products */;
			projectDirPath = "";
			projectRoot = "";
			targets = (
				2F42053F237167170033C31D /* DemoYouTube */,
			);
		};
/* End PBXProject section */

/* Begin PBXResourcesBuildPhase section */
		2F42053E237167170033C31D /* Resources */ = {
			isa = PBXResourcesBuildPhase;
			buildActionMask = 2147483647;
			files = (
				2F420550237167180033C31D /* LaunchScreen.storyboard in Resources */,
				2F42054A237167180033C31D /* Assets.xcassets in Resources */,
			);
			runOnlyForDeploymentPostprocessing = 0;
		};
/* End PBXResourcesBuildPhase section */

/* Begin PBXShellScriptBuildPhase section */
		3A7C85B9F380ACA1D8350F21 /* [CP] Embed Pods Frameworks */ = {
			isa = PBXShellScriptBuildPhase;
			buildActionMask = 2147483647;
			files = (
			);
			inputFileListPaths = (
				"${PODS_ROOT}/Target Support Files/Pods-DemoYouTube/Pods-DemoYouTube-frameworks-${CONFIGURATION}-input-files.xcfilelist",
			);
			name = "[CP] Embed Pods Frameworks";
			outputFileListPaths = (
				"${PODS_ROOT}/Target Support Files/Pods-DemoYouTube/Pods-DemoYouTube-frameworks-${CONFIGURATION}-output-files.xcfilelist",
			);
			runOnlyForDeploymentPostprocessing = 0;
			shellPath = /bin/sh;
			shellScript = "\"${PODS_ROOT}/Target Support Files/Pods-DemoYouTube/Pods-DemoYouTube-frameworks.sh\"\n";
			showEnvVarsInLog = 0;
		};
		94D4D81B82B1FBA43C4EBE09 /* [CP] Check Pods Manifest.lock */ = {
			isa = PBXShellScriptBuildPhase;
			buildActionMask = 2147483647;
			files = (
			);
			inputFileListPaths = (
			);
			inputPaths = (
				"${PODS_PODFILE_DIR_PATH}/Podfile.lock",
				"${PODS_ROOT}/Manifest.lock",
			);
			name = "[CP] Check Pods Manifest.lock";
			outputFileListPaths = (
			);
			outputPaths = (
				"$(DERIVED_FILE_DIR)/Pods-DemoYouTube-checkManifestLockResult.txt",
			);
			runOnlyForDeploymentPostprocessing = 0;
			shellPath = /bin/sh;
			shellScript = "diff \"${PODS_PODFILE_DIR_PATH}/Podfile.lock\" \"${PODS_ROOT}/Manifest.lock\" > /dev/null\nif [ $? != 0 ] ; then\n    # print error to STDERR\n    echo \"error: The sandbox is not in sync with the Podfile.lock. Run 'pod install' or update your CocoaPods installation.\" >&2\n    exit 1\nfi\n# This output is used by Xcode 'outputs' to avoid re-running this script phase.\necho \"SUCCESS\" > \"${SCRIPT_OUTPUT_FILE_0}\"\n";
			showEnvVarsInLog = 0;
		};
/* End PBXShellScriptBuildPhase section */

/* Begin PBXSourcesBuildPhase section */
		2F42053C237167170033C31D /* Sources */ = {
			isa = PBXSourcesBuildPhase;
			buildActionMask = 2147483647;
			files = (
				2FD6ACFB237170B300C8C10F /* Interactable.swift in Sources */,
				2F01F0A52371FE32006F313B /* Channel.swift in Sources */,
				2F01F0AB23720334006F313B /* YouTubeService+Response.swift in Sources */,
				2FD6AD1823717BAE00C8C10F /* BaseVC.swift in Sources */,
				2FBFFD2F23719FC6004D8C31 /* APIServiceConfiguratorType.swift in Sources */,
				2FAFD612237196A500AA364E /* UITableView+Reusable.swift in Sources */,
				2FBFFD2723719F1E004D8C31 /* APIServiceType+.swift in Sources */,
				2FBFFD3C2371A15B004D8C31 /* RequestBuilder.swift in Sources */,
				2F420544237167170033C31D /* AppDelegate.swift in Sources */,
				2F42056A23716A080033C31D /* SelfContaner.swift in Sources */,
				2FAFD6182371987D00AA364E /* Video.swift in Sources */,
				2FD6AD032371773000C8C10F /* ListCoordinator.swift in Sources */,
				2FAFD6152371985200AA364E /* VideoSection.swift in Sources */,
				2FCE60D82371936800DAD27C /* VideoCell.swift in Sources */,
				2FD6ACFF2371772000C8C10F /* ListReactor.swift in Sources */,
				2F42056C23716A200033C31D /* AssociatedStore.swift in Sources */,
				2FD6AD14237178DE00C8C10F /* ObservableType+.swift in Sources */,
				2FD6AD0A237177EA00C8C10F /* CoordinatorType.swift in Sources */,
				2FBFFD2D23719F90004D8C31 /* APICoreAliases.swift in Sources */,
				2FD6ACF72371707800C8C10F /* ModuleCoreAliases.swift in Sources */,
				2FBFFD2923719F46004D8C31 /* MockSampleData.swift in Sources */,
				2FBFFD362371A08C004D8C31 /* MethodParams.swift in Sources */,
				2FBFFD322371A01C004D8C31 /* AuthStrategy.swift in Sources */,
				2FAFD61B23719A4C00AA364E /* SceneView+.swift in Sources */,
				2FBFFD382371A0AB004D8C31 /* ConfiguratorContainer.swift in Sources */,
				2FD6AD1A23717CD400C8C10F /* ColorPallete.swift in Sources */,
				2FBFFD412371A298004D8C31 /* YouTubeConfigurator.swift in Sources */,
				2FD6AD012371772800C8C10F /* ListInteractor.swift in Sources */,
				2FD6AD0C2371780100C8C10F /* DisposeBagHolder.swift in Sources */,
				2FBFFD342371A02F004D8C31 /* AuthTokenProvider.swift in Sources */,
				2F01F0A32371FDB8006F313B /* YouTubeService.Methods+Mocks.swift in Sources */,
				2F4205612371692D0033C31D /* App.swift in Sources */,
				2FD6AD16237178FB00C8C10F /* OptionalType.swift in Sources */,
				2F01F0A12371F780006F313B /* Plugins.swift in Sources */,
				2FBFFD3A2371A115004D8C31 /* BinaryData.swift in Sources */,
				2FD6AD0E2371784800C8C10F /* UINavigationController+.swift in Sources */,
				2FD6ACFD2371771A00C8C10F /* ListVC.swift in Sources */,
				2FBFFD3F2371A1F8004D8C31 /* JSONDecoder+.swift in Sources */,
				2FD6AD1D23717DEE00C8C10F /* UIColor+.swift in Sources */,
				2FD6AD08237177C500C8C10F /* BaseCoordinator.swift in Sources */,
				2FD6ACF92371709E00C8C10F /* Coordinatable.swift in Sources */,
				2F01F0A923720038006F313B /* YouTubeRequestBuilder.swift in Sources */,
				2FD6AD112371789B00C8C10F /* Reactor+.swift in Sources */,
				2FBFFD2323719EE1004D8C31 /* APIService.swift in Sources */,
				2F420563237169350033C31D /* AppFactory.swift in Sources */,
				2FBFFD2523719F19004D8C31 /* APIServiceType.swift in Sources */,
				2FBFFD1F23719E4F004D8C31 /* YouTubeService.swift in Sources */,
				2FBFFD2B23719F61004D8C31 /* APIServiceMethod.swift in Sources */,
				2F42056E23716ABE0033C31D /* ModuleType.swift in Sources */,
				2FD6AD062371779900C8C10F /* BaseReactor.swift in Sources */,
			);
			runOnlyForDeploymentPostprocessing = 0;
		};
/* End PBXSourcesBuildPhase section */

/* Begin PBXVariantGroup section */
		2F42054E237167180033C31D /* LaunchScreen.storyboard */ = {
			isa = PBXVariantGroup;
			children = (
				2F42054F237167180033C31D /* Base */,
			);
			name = LaunchScreen.storyboard;
			sourceTree = "<group>";
		};
/* End PBXVariantGroup section */

/* Begin XCBuildConfiguration section */
		2F420552237167180033C31D /* Debug */ = {
			isa = XCBuildConfiguration;
			buildSettings = {
				ALWAYS_SEARCH_USER_PATHS = NO;
				CLANG_ANALYZER_NONNULL = YES;
				CLANG_ANALYZER_NUMBER_OBJECT_CONVERSION = YES_AGGRESSIVE;
				CLANG_CXX_LANGUAGE_STANDARD = "gnu++14";
				CLANG_CXX_LIBRARY = "libc++";
				CLANG_ENABLE_MODULES = YES;
				CLANG_ENABLE_OBJC_ARC = YES;
				CLANG_ENABLE_OBJC_WEAK = YES;
				CLANG_WARN_BLOCK_CAPTURE_AUTORELEASING = YES;
				CLANG_WARN_BOOL_CONVERSION = YES;
				CLANG_WARN_COMMA = YES;
				CLANG_WARN_CONSTANT_CONVERSION = YES;
				CLANG_WARN_DEPRECATED_OBJC_IMPLEMENTATIONS = YES;
				CLANG_WARN_DIRECT_OBJC_ISA_USAGE = YES_ERROR;
				CLANG_WARN_DOCUMENTATION_COMMENTS = YES;
				CLANG_WARN_EMPTY_BODY = YES;
				CLANG_WARN_ENUM_CONVERSION = YES;
				CLANG_WARN_INFINITE_RECURSION = YES;
				CLANG_WARN_INT_CONVERSION = YES;
				CLANG_WARN_NON_LITERAL_NULL_CONVERSION = YES;
				CLANG_WARN_OBJC_IMPLICIT_RETAIN_SELF = YES;
				CLANG_WARN_OBJC_LITERAL_CONVERSION = YES;
				CLANG_WARN_OBJC_ROOT_CLASS = YES_ERROR;
				CLANG_WARN_RANGE_LOOP_ANALYSIS = YES;
				CLANG_WARN_STRICT_PROTOTYPES = YES;
				CLANG_WARN_SUSPICIOUS_MOVE = YES;
				CLANG_WARN_UNGUARDED_AVAILABILITY = YES_AGGRESSIVE;
				CLANG_WARN_UNREACHABLE_CODE = YES;
				CLANG_WARN__DUPLICATE_METHOD_MATCH = YES;
				COPY_PHASE_STRIP = NO;
				DEBUG_INFORMATION_FORMAT = dwarf;
				ENABLE_STRICT_OBJC_MSGSEND = YES;
				ENABLE_TESTABILITY = YES;
				GCC_C_LANGUAGE_STANDARD = gnu11;
				GCC_DYNAMIC_NO_PIC = NO;
				GCC_NO_COMMON_BLOCKS = YES;
				GCC_OPTIMIZATION_LEVEL = 0;
				GCC_PREPROCESSOR_DEFINITIONS = (
					"DEBUG=1",
					"$(inherited)",
				);
				GCC_WARN_64_TO_32_BIT_CONVERSION = YES;
				GCC_WARN_ABOUT_RETURN_TYPE = YES_ERROR;
				GCC_WARN_UNDECLARED_SELECTOR = YES;
				GCC_WARN_UNINITIALIZED_AUTOS = YES_AGGRESSIVE;
				GCC_WARN_UNUSED_FUNCTION = YES;
				GCC_WARN_UNUSED_VARIABLE = YES;
				IPHONEOS_DEPLOYMENT_TARGET = 13.1;
				MTL_ENABLE_DEBUG_INFO = INCLUDE_SOURCE;
				MTL_FAST_MATH = YES;
				ONLY_ACTIVE_ARCH = YES;
				SDKROOT = iphoneos;
				SWIFT_ACTIVE_COMPILATION_CONDITIONS = DEBUG;
				SWIFT_OPTIMIZATION_LEVEL = "-Onone";
			};
			name = Debug;
		};
		2F420553237167180033C31D /* Release */ = {
			isa = XCBuildConfiguration;
			buildSettings = {
				ALWAYS_SEARCH_USER_PATHS = NO;
				CLANG_ANALYZER_NONNULL = YES;
				CLANG_ANALYZER_NUMBER_OBJECT_CONVERSION = YES_AGGRESSIVE;
				CLANG_CXX_LANGUAGE_STANDARD = "gnu++14";
				CLANG_CXX_LIBRARY = "libc++";
				CLANG_ENABLE_MODULES = YES;
				CLANG_ENABLE_OBJC_ARC = YES;
				CLANG_ENABLE_OBJC_WEAK = YES;
				CLANG_WARN_BLOCK_CAPTURE_AUTORELEASING = YES;
				CLANG_WARN_BOOL_CONVERSION = YES;
				CLANG_WARN_COMMA = YES;
				CLANG_WARN_CONSTANT_CONVERSION = YES;
				CLANG_WARN_DEPRECATED_OBJC_IMPLEMENTATIONS = YES;
				CLANG_WARN_DIRECT_OBJC_ISA_USAGE = YES_ERROR;
				CLANG_WARN_DOCUMENTATION_COMMENTS = YES;
				CLANG_WARN_EMPTY_BODY = YES;
				CLANG_WARN_ENUM_CONVERSION = YES;
				CLANG_WARN_INFINITE_RECURSION = YES;
				CLANG_WARN_INT_CONVERSION = YES;
				CLANG_WARN_NON_LITERAL_NULL_CONVERSION = YES;
				CLANG_WARN_OBJC_IMPLICIT_RETAIN_SELF = YES;
				CLANG_WARN_OBJC_LITERAL_CONVERSION = YES;
				CLANG_WARN_OBJC_ROOT_CLASS = YES_ERROR;
				CLANG_WARN_RANGE_LOOP_ANALYSIS = YES;
				CLANG_WARN_STRICT_PROTOTYPES = YES;
				CLANG_WARN_SUSPICIOUS_MOVE = YES;
				CLANG_WARN_UNGUARDED_AVAILABILITY = YES_AGGRESSIVE;
				CLANG_WARN_UNREACHABLE_CODE = YES;
				CLANG_WARN__DUPLICATE_METHOD_MATCH = YES;
				COPY_PHASE_STRIP = NO;
				DEBUG_INFORMATION_FORMAT = "dwarf-with-dsym";
				ENABLE_NS_ASSERTIONS = NO;
				ENABLE_STRICT_OBJC_MSGSEND = YES;
				GCC_C_LANGUAGE_STANDARD = gnu11;
				GCC_NO_COMMON_BLOCKS = YES;
				GCC_WARN_64_TO_32_BIT_CONVERSION = YES;
				GCC_WARN_ABOUT_RETURN_TYPE = YES_ERROR;
				GCC_WARN_UNDECLARED_SELECTOR = YES;
				GCC_WARN_UNINITIALIZED_AUTOS = YES_AGGRESSIVE;
				GCC_WARN_UNUSED_FUNCTION = YES;
				GCC_WARN_UNUSED_VARIABLE = YES;
				IPHONEOS_DEPLOYMENT_TARGET = 13.1;
				MTL_ENABLE_DEBUG_INFO = NO;
				MTL_FAST_MATH = YES;
				SDKROOT = iphoneos;
				SWIFT_COMPILATION_MODE = wholemodule;
				SWIFT_OPTIMIZATION_LEVEL = "-O";
				VALIDATE_PRODUCT = YES;
			};
			name = Release;
		};
		2F420555237167180033C31D /* Debug */ = {
			isa = XCBuildConfiguration;
			baseConfigurationReference = D1BA8AFC36DDB9E9CBA2AFA2 /* Pods-DemoYouTube.debug.xcconfig */;
			buildSettings = {
				ASSETCATALOG_COMPILER_APPICON_NAME = AppIcon;
				CODE_SIGN_STYLE = Automatic;
				DEVELOPMENT_TEAM = 6K4DDKBQ8F;
				ENABLE_PREVIEWS = YES;
				INFOPLIST_FILE = DemoYouTube/Info.plist;
				IPHONEOS_DEPLOYMENT_TARGET = 12.0;
				LD_RUNPATH_SEARCH_PATHS = (
					"$(inherited)",
					"@executable_path/Frameworks",
				);
				PRODUCT_BUNDLE_IDENTIFIER = com.venvear.DemoYouTube;
				PRODUCT_NAME = "$(TARGET_NAME)";
				SWIFT_VERSION = 5.0;
				TARGETED_DEVICE_FAMILY = 1;
			};
			name = Debug;
		};
		2F420556237167180033C31D /* Release */ = {
			isa = XCBuildConfiguration;
			baseConfigurationReference = 2EC0E5AE507C69A1DE302EAB /* Pods-DemoYouTube.release.xcconfig */;
			buildSettings = {
				ASSETCATALOG_COMPILER_APPICON_NAME = AppIcon;
				CODE_SIGN_STYLE = Automatic;
				DEVELOPMENT_TEAM = 6K4DDKBQ8F;
				ENABLE_PREVIEWS = YES;
				INFOPLIST_FILE = DemoYouTube/Info.plist;
				IPHONEOS_DEPLOYMENT_TARGET = 12.0;
				LD_RUNPATH_SEARCH_PATHS = (
					"$(inherited)",
					"@executable_path/Frameworks",
				);
				PRODUCT_BUNDLE_IDENTIFIER = com.venvear.DemoYouTube;
				PRODUCT_NAME = "$(TARGET_NAME)";
				SWIFT_VERSION = 5.0;
				TARGETED_DEVICE_FAMILY = 1;
			};
			name = Release;
		};
/* End XCBuildConfiguration section */

/* Begin XCConfigurationList section */
		2F42053B237167170033C31D /* Build configuration list for PBXProject "DemoYouTube" */ = {
			isa = XCConfigurationList;
			buildConfigurations = (
				2F420552237167180033C31D /* Debug */,
				2F420553237167180033C31D /* Release */,
			);
			defaultConfigurationIsVisible = 0;
			defaultConfigurationName = Release;
		};
		2F420554237167180033C31D /* Build configuration list for PBXNativeTarget "DemoYouTube" */ = {
			isa = XCConfigurationList;
			buildConfigurations = (
				2F420555237167180033C31D /* Debug */,
				2F420556237167180033C31D /* Release */,
			);
			defaultConfigurationIsVisible = 0;
			defaultConfigurationName = Release;
		};
/* End XCConfigurationList section */
	};
	rootObject = 2F420538237167170033C31D /* Project object */;
}
